PODS:
  - IQKeyboardManager (6.5.10)
  - KMPlaceholderTextView (1.4.0)
  - lottie-ios (3.5.0)
  - SDWebImage (5.14.2):
    - SDWebImage/Core (= 5.14.2)
  - SDWebImage/Core (5.14.2)
  - SkyFloatingLabelTextField (4.0.0)
  - Toast-Swift (5.0.1)

DEPENDENCIES:
  - IQKeyboardManager
  - KMPlaceholderTextView
  - lottie-ios
  - SDWebImage
  - SkyFloatingLabelTextField
  - Toast-Swift

SPEC REPOS:
  trunk:
    - IQKeyboardManager
    - KMPlaceholderTextView
    - lottie-ios
    - SDWebImage
    - SkyFloatingLabelTextField
    - Toast-Swift

SPEC CHECKSUMS:
  IQKeyboardManager: 45a1fa55c1a5b02c61ac0fd7fd5b62bb4ad20d97
  KMPlaceholderTextView: 2206c3df39979e9396e2d96fa9f427a8951121b0
  lottie-ios: c55158d67d0629a260625cc2ded2052b829e3c3e
  SDWebImage: b9a731e1d6307f44ca703b3976d18c24ca561e84
  SkyFloatingLabelTextField: 79ddc40e4ad59707fedbb48d605417aee48bb78a
  Toast-Swift: 9b6a70f28b3bf0b96c40d46c0c4b9d6639846711

PODFILE CHECKSUM: 99d383f1848ed7fc5e27da9c29f2bcbb9240387c

COCOAPODS: 1.11.2
